
Microsoft Visual Studio Solution File, Format Version 12.00
# Visual Studio Version 17
VisualStudioVersion = 17.2.32630.192
MinimumVisualStudioVersion = 10.0.40219.1
Project("{2150E333-8FDC-42A3-9474-1A3956D46DE8}") = "Solution Items", "Solution Items", "{3C0AAD99-87B0-4263-8C97-B129E649197B}"
	ProjectSection(SolutionItems) = preProject
		.editorconfig = .editorconfig
		IgnoredWords.dic = IgnoredWords.dic
		README.md = README.md
		Snippets.txt = Snippets.txt
	EndProjectSection
EndProject
Project("{9A19103F-16F7-4668-BE54-9A1E7A4F7556}") = "NDSH.Geospatial.Metadata.V2005", "src\NDSH.Geospatial.Metadata.V2005\src\NDSH.Geospatial.Metadata.V2005.csproj", "{C761CB63-61E1-4BEA-8D55-4076D78DEC03}"
EndProject
Project("{9A19103F-16F7-4668-BE54-9A1E7A4F7556}") = "NDSH.Geospatial.Metadata.V2005.Tests.Content", "src\NDSH.Geospatial.Metadata.V2005\tests.content\NDSH.Geospatial.Metadata.V2005.Tests.Content.csproj", "{F30CFD6A-F17F-42AA-BA74-18F5F8604CE7}"
EndProject
Project("{2150E333-8FDC-42A3-9474-1A3956D46DE8}") = "Libs", "Libs", "{C0654050-18CA-4D3A-8F6E-135342589846}"
EndProject
Project("{9A19103F-16F7-4668-BE54-9A1E7A4F7556}") = "NDSH.Geospatial.Metadata.V2003", "src\NDSH.Geospatial.Metadata.V2003\src\NDSH.Geospatial.Metadata.V2003.csproj", "{E3866918-4724-4649-89E1-53C00FCC8B30}"
EndProject
Project("{9A19103F-16F7-4668-BE54-9A1E7A4F7556}") = "NDSH", "src\NDSH\src\NDSH.csproj", "{933F043E-8806-4324-A7BB-1816BD1E6614}"
EndProject
Project("{FAE04EC0-301F-11D3-BF4B-00C04F79EFBC}") = "NDSH.Database", "src\NDSH.Database\src\NDSH.Database.csproj", "{79ABAEA5-F425-49E6-9776-2CFC00C4593B}"
EndProject
Project("{FAE04EC0-301F-11D3-BF4B-00C04F79EFBC}") = "NDSH.Xml", "src\NDSH.Xml\src\NDSH.Xml.csproj", "{C06EF3CD-069E-4214-8297-60588E586D21}"
EndProject
Project("{FAE04EC0-301F-11D3-BF4B-00C04F79EFBC}") = "NDSH.Apps", "src\NDSH.Apps\src\NDSH.Apps.csproj", "{DE275DE0-2483-4F96-89F7-566729BF6ADA}"
EndProject
Project("{FAE04EC0-301F-11D3-BF4B-00C04F79EFBC}") = "NDSH.ETL", "src\NDSH.ETL\src\NDSH.ETL.csproj", "{AF2833EF-2BCA-410F-A4D2-5612AAA1763E}"
EndProject
Project("{FAE04EC0-301F-11D3-BF4B-00C04F79EFBC}") = "NDSH.Resources", "src\NDSH.Resources\src\NDSH.Resources.csproj", "{C2C654B7-2B53-4ABB-9D94-3DDAE18E8C93}"
EndProject
Project("{FAE04EC0-301F-11D3-BF4B-00C04F79EFBC}") = "NDSH.DataCentres.CEDA", "src\NDSH.DataCentres.CEDA\src\NDSH.DataCentres.CEDA.csproj", "{F991C39B-3795-4F6D-97AD-4B682F6D46EF}"
EndProject
Project("{FAE04EC0-301F-11D3-BF4B-00C04F79EFBC}") = "NDSH.Geospatial.Metadata.ISO19115.Ed2003", "src\NDSH.Geospatial.Metadata.ISO19115.Ed2003\src\NDSH.Geospatial.Metadata.ISO19115.Ed2003.csproj", "{2DA55F04-5BD2-49B0-AEBB-F74ADB969BB8}"
EndProject
Project("{FAE04EC0-301F-11D3-BF4B-00C04F79EFBC}") = "NDSH.Geospatial.Metadata.ISO19115.Ed2003.DB", "src\NDSH.Geospatial.Metadata.ISO19115.Ed2003.DB\src\NDSH.Geospatial.Metadata.ISO19115.Ed2003.DB.csproj", "{8C3BEABA-E375-4E57-8F76-1D751F88E7AE}"
EndProject
Project("{FAE04EC0-301F-11D3-BF4B-00C04F79EFBC}") = "NDSH.Geospatial.Metadata.XSD", "src\NDSH.Geospatial.Metadata.XSD\src\NDSH.Geospatial.Metadata.XSD.csproj", "{4868B553-6311-4E64-9A57-3BFEF8AE4D29}"
EndProject
Project("{FAE04EC0-301F-11D3-BF4B-00C04F79EFBC}") = "NDSH.Geospatial.Metadata.ISO19115.Ed2003.Tests.Content", "src\NDSH.Geospatial.Metadata.ISO19115.Ed2003\tests.content\NDSH.Geospatial.Metadata.ISO19115.Ed2003.Tests.Content.csproj", "{FA207D33-1A81-4B70-9A0A-81E59AC18AA3}"
EndProject
Project("{FAE04EC0-301F-11D3-BF4B-00C04F79EFBC}") = "NDSH.Geospatial.Metadata", "src\NDSH.Geospatial.Metadata\src\NDSH.Geospatial.Metadata.csproj", "{4C14147D-2FD3-4451-9D5A-E4B6A90980FE}"
EndProject
Project("{FAE04EC0-301F-11D3-BF4B-00C04F79EFBC}") = "NDSH.Globalization", "src\NDSH.Globalization\src\NDSH.Globalization.csproj", "{6874FABD-BFE8-4B47-BD91-0200417E6299}"
EndProject
Project("{FAE04EC0-301F-11D3-BF4B-00C04F79EFBC}") = "NDSH.Models", "src\NDSH.Models\src\NDSH.Models.csproj", "{E1352964-A0DD-47DB-BA06-3EFC16D80BCD}"
EndProject
Project("{FAE04EC0-301F-11D3-BF4B-00C04F79EFBC}") = "NDSH.Geospatial.Metadata.ISO19115.Ed2003.Tests", "src\NDSH.Geospatial.Metadata.ISO19115.Ed2003\tests\NDSH.Geospatial.Metadata.ISO19115.Ed2003.Tests.csproj", "{4C1BD020-AF8A-4945-AA7B-E152AAC8A638}"
EndProject
Project("{FAE04EC0-301F-11D3-BF4B-00C04F79EFBC}") = "NDSH.Geospatial.Metadata.ISO19115.Ed2003.DB.Console", "src\NDSH.Geospatial.Metadata.ISO19115.Ed2003.DB.Console\src\NDSH.Geospatial.Metadata.ISO19115.Ed2003.DB.Console.csproj", "{1BE6A36E-A3A4-464D-B662-B4EDA5C1110F}"
EndProject
Project("{FAE04EC0-301F-11D3-BF4B-00C04F79EFBC}") = "NDSH.Hashing", "src\NDSH.Hashing\src\NDSH.Hashing.csproj", "{3727C7B2-F8DC-0EB2-C494-720BBC657CB1}"
EndProject
Project("{FAE04EC0-301F-11D3-BF4B-00C04F79EFBC}") = "NDSH.Hashing.Tests", "src\NDSH.Hashing\tests\NDSH.Hashing.Tests.csproj", "{0A228F85-F13B-8ADC-AA07-2E7B12E6F8B1}"
EndProject
Project("{FAE04EC0-301F-11D3-BF4B-00C04F79EFBC}") = "NDSH.Geospatial.Metadata.ISO19115.Ed2003.Serialization", "src\NDSH.Geospatial.Metadata.ISO19115.Ed2003.Serialization\src\NDSH.Geospatial.Metadata.ISO19115.Ed2003.Serialization.csproj", "{1B2ECFC7-7698-F85E-C87C-B35193A655F1}"
EndProject
Project("{FAE04EC0-301F-11D3-BF4B-00C04F79EFBC}") = "NDSH.Geospatial.Metadata.V2003.Tests", "src\NDSH.Geospatial.Metadata.V2003\tests\NDSH.Geospatial.Metadata.V2003.Tests.csproj", "{046E4D5D-A4C7-4BB1-8175-FF00D4B7EB5E}"
EndProject
Project("{FAE04EC0-301F-11D3-BF4B-00C04F79EFBC}") = "NDSH.Geospatial.Metadata.V2003.Tests.Content", "src\NDSH.Geospatial.Metadata.V2003\tests.content\NDSH.Geospatial.Metadata.V2003.Tests.Content.csproj", "{8618A8BC-2027-496B-B7E3-0EC620BAE610}"
EndProject
Project("{FAE04EC0-301F-11D3-BF4B-00C04F79EFBC}") = "NDSH.Geospatial.Metadata.V2003.Thin", "src\NDSH.Geospatial.Metadata.V2003.Thin\src\NDSH.Geospatial.Metadata.V2003.Thin.csproj", "{7C87AE04-7DB5-407B-A32F-72F6D9CFE8FC}"
EndProject
Project("{FAE04EC0-301F-11D3-BF4B-00C04F79EFBC}") = "NDSH.Geospatial.Metadata.V2003.Thin.Tests", "src\NDSH.Geospatial.Metadata.V2003.Thin\tests\NDSH.Geospatial.Metadata.V2003.Thin.Tests.csproj", "{97790F93-D952-45DB-BF3F-268996078780}"
EndProject
Project("{FAE04EC0-301F-11D3-BF4B-00C04F79EFBC}") = "NDSH.Geospatial.Metadata.V2003.Thin.Tests.Content", "src\NDSH.Geospatial.Metadata.V2003.Thin\tests.content\NDSH.Geospatial.Metadata.V2003.Thin.Tests.Content.csproj", "{1733F4EA-CBB2-4171-84C0-22C64E08BE6C}"
EndProject
Global
	GlobalSection(SolutionConfigurationPlatforms) = preSolution
		Debug|Any CPU = Debug|Any CPU
		Debug600|Any CPU = Debug600|Any CPU
		Release|Any CPU = Release|Any CPU
		Release600|Any CPU = Release600|Any CPU
	EndGlobalSection
	GlobalSection(ProjectConfigurationPlatforms) = postSolution
		{C761CB63-61E1-4BEA-8D55-4076D78DEC03}.Debug|Any CPU.ActiveCfg = Debug|Any CPU
		{C761CB63-61E1-4BEA-8D55-4076D78DEC03}.Debug|Any CPU.Build.0 = Debug|Any CPU
		{C761CB63-61E1-4BEA-8D55-4076D78DEC03}.Debug600|Any CPU.ActiveCfg = Debug|Any CPU
		{C761CB63-61E1-4BEA-8D55-4076D78DEC03}.Debug600|Any CPU.Build.0 = Debug|Any CPU
		{C761CB63-61E1-4BEA-8D55-4076D78DEC03}.Release|Any CPU.ActiveCfg = Release|Any CPU
		{C761CB63-61E1-4BEA-8D55-4076D78DEC03}.Release|Any CPU.Build.0 = Release|Any CPU
		{C761CB63-61E1-4BEA-8D55-4076D78DEC03}.Release600|Any CPU.ActiveCfg = Release|Any CPU
		{C761CB63-61E1-4BEA-8D55-4076D78DEC03}.Release600|Any CPU.Build.0 = Release|Any CPU
		{F30CFD6A-F17F-42AA-BA74-18F5F8604CE7}.Debug|Any CPU.ActiveCfg = Debug|Any CPU
		{F30CFD6A-F17F-42AA-BA74-18F5F8604CE7}.Debug|Any CPU.Build.0 = Debug|Any CPU
		{F30CFD6A-F17F-42AA-BA74-18F5F8604CE7}.Debug600|Any CPU.ActiveCfg = Debug|Any CPU
		{F30CFD6A-F17F-42AA-BA74-18F5F8604CE7}.Debug600|Any CPU.Build.0 = Debug|Any CPU
		{F30CFD6A-F17F-42AA-BA74-18F5F8604CE7}.Release|Any CPU.ActiveCfg = Release|Any CPU
		{F30CFD6A-F17F-42AA-BA74-18F5F8604CE7}.Release|Any CPU.Build.0 = Release|Any CPU
		{F30CFD6A-F17F-42AA-BA74-18F5F8604CE7}.Release600|Any CPU.ActiveCfg = Release|Any CPU
		{F30CFD6A-F17F-42AA-BA74-18F5F8604CE7}.Release600|Any CPU.Build.0 = Release|Any CPU
		{E3866918-4724-4649-89E1-53C00FCC8B30}.Debug|Any CPU.ActiveCfg = Debug|Any CPU
		{E3866918-4724-4649-89E1-53C00FCC8B30}.Debug|Any CPU.Build.0 = Debug|Any CPU
		{E3866918-4724-4649-89E1-53C00FCC8B30}.Debug600|Any CPU.ActiveCfg = Debug|Any CPU
		{E3866918-4724-4649-89E1-53C00FCC8B30}.Debug600|Any CPU.Build.0 = Debug|Any CPU
		{E3866918-4724-4649-89E1-53C00FCC8B30}.Release|Any CPU.ActiveCfg = Release|Any CPU
		{E3866918-4724-4649-89E1-53C00FCC8B30}.Release|Any CPU.Build.0 = Release|Any CPU
		{E3866918-4724-4649-89E1-53C00FCC8B30}.Release600|Any CPU.ActiveCfg = Release|Any CPU
		{E3866918-4724-4649-89E1-53C00FCC8B30}.Release600|Any CPU.Build.0 = Release|Any CPU
		{933F043E-8806-4324-A7BB-1816BD1E6614}.Debug|Any CPU.ActiveCfg = Debug|Any CPU
		{933F043E-8806-4324-A7BB-1816BD1E6614}.Debug|Any CPU.Build.0 = Debug|Any CPU
		{933F043E-8806-4324-A7BB-1816BD1E6614}.Debug600|Any CPU.ActiveCfg = Debug|Any CPU
		{933F043E-8806-4324-A7BB-1816BD1E6614}.Debug600|Any CPU.Build.0 = Debug|Any CPU
		{933F043E-8806-4324-A7BB-1816BD1E6614}.Release|Any CPU.ActiveCfg = Release|Any CPU
		{933F043E-8806-4324-A7BB-1816BD1E6614}.Release|Any CPU.Build.0 = Release|Any CPU
		{933F043E-8806-4324-A7BB-1816BD1E6614}.Release600|Any CPU.ActiveCfg = Release|Any CPU
		{933F043E-8806-4324-A7BB-1816BD1E6614}.Release600|Any CPU.Build.0 = Release|Any CPU
		{79ABAEA5-F425-49E6-9776-2CFC00C4593B}.Debug|Any CPU.ActiveCfg = Debug|Any CPU
		{79ABAEA5-F425-49E6-9776-2CFC00C4593B}.Debug|Any CPU.Build.0 = Debug|Any CPU
		{79ABAEA5-F425-49E6-9776-2CFC00C4593B}.Debug600|Any CPU.ActiveCfg = Debug|Any CPU
		{79ABAEA5-F425-49E6-9776-2CFC00C4593B}.Debug600|Any CPU.Build.0 = Debug|Any CPU
		{79ABAEA5-F425-49E6-9776-2CFC00C4593B}.Release|Any CPU.ActiveCfg = Release|Any CPU
		{79ABAEA5-F425-49E6-9776-2CFC00C4593B}.Release|Any CPU.Build.0 = Release|Any CPU
		{79ABAEA5-F425-49E6-9776-2CFC00C4593B}.Release600|Any CPU.ActiveCfg = Release|Any CPU
		{79ABAEA5-F425-49E6-9776-2CFC00C4593B}.Release600|Any CPU.Build.0 = Release|Any CPU
		{C06EF3CD-069E-4214-8297-60588E586D21}.Debug|Any CPU.ActiveCfg = Debug|Any CPU
		{C06EF3CD-069E-4214-8297-60588E586D21}.Debug|Any CPU.Build.0 = Debug|Any CPU
		{C06EF3CD-069E-4214-8297-60588E586D21}.Debug600|Any CPU.ActiveCfg = Debug|Any CPU
		{C06EF3CD-069E-4214-8297-60588E586D21}.Debug600|Any CPU.Build.0 = Debug|Any CPU
		{C06EF3CD-069E-4214-8297-60588E586D21}.Release|Any CPU.ActiveCfg = Release|Any CPU
		{C06EF3CD-069E-4214-8297-60588E586D21}.Release|Any CPU.Build.0 = Release|Any CPU
		{C06EF3CD-069E-4214-8297-60588E586D21}.Release600|Any CPU.ActiveCfg = Release|Any CPU
		{C06EF3CD-069E-4214-8297-60588E586D21}.Release600|Any CPU.Build.0 = Release|Any CPU
		{DE275DE0-2483-4F96-89F7-566729BF6ADA}.Debug|Any CPU.ActiveCfg = Debug|Any CPU
		{DE275DE0-2483-4F96-89F7-566729BF6ADA}.Debug|Any CPU.Build.0 = Debug|Any CPU
		{DE275DE0-2483-4F96-89F7-566729BF6ADA}.Debug600|Any CPU.ActiveCfg = Debug|Any CPU
		{DE275DE0-2483-4F96-89F7-566729BF6ADA}.Debug600|Any CPU.Build.0 = Debug|Any CPU
		{DE275DE0-2483-4F96-89F7-566729BF6ADA}.Release|Any CPU.ActiveCfg = Release|Any CPU
		{DE275DE0-2483-4F96-89F7-566729BF6ADA}.Release|Any CPU.Build.0 = Release|Any CPU
		{DE275DE0-2483-4F96-89F7-566729BF6ADA}.Release600|Any CPU.ActiveCfg = Release|Any CPU
		{DE275DE0-2483-4F96-89F7-566729BF6ADA}.Release600|Any CPU.Build.0 = Release|Any CPU
		{AF2833EF-2BCA-410F-A4D2-5612AAA1763E}.Debug|Any CPU.ActiveCfg = Debug|Any CPU
		{AF2833EF-2BCA-410F-A4D2-5612AAA1763E}.Debug|Any CPU.Build.0 = Debug|Any CPU
		{AF2833EF-2BCA-410F-A4D2-5612AAA1763E}.Debug600|Any CPU.ActiveCfg = Debug|Any CPU
		{AF2833EF-2BCA-410F-A4D2-5612AAA1763E}.Debug600|Any CPU.Build.0 = Debug|Any CPU
		{AF2833EF-2BCA-410F-A4D2-5612AAA1763E}.Release|Any CPU.ActiveCfg = Release|Any CPU
		{AF2833EF-2BCA-410F-A4D2-5612AAA1763E}.Release|Any CPU.Build.0 = Release|Any CPU
		{AF2833EF-2BCA-410F-A4D2-5612AAA1763E}.Release600|Any CPU.ActiveCfg = Release|Any CPU
		{AF2833EF-2BCA-410F-A4D2-5612AAA1763E}.Release600|Any CPU.Build.0 = Release|Any CPU
		{C2C654B7-2B53-4ABB-9D94-3DDAE18E8C93}.Debug|Any CPU.ActiveCfg = Debug|Any CPU
		{C2C654B7-2B53-4ABB-9D94-3DDAE18E8C93}.Debug|Any CPU.Build.0 = Debug|Any CPU
		{C2C654B7-2B53-4ABB-9D94-3DDAE18E8C93}.Debug600|Any CPU.ActiveCfg = Debug|Any CPU
		{C2C654B7-2B53-4ABB-9D94-3DDAE18E8C93}.Debug600|Any CPU.Build.0 = Debug|Any CPU
		{C2C654B7-2B53-4ABB-9D94-3DDAE18E8C93}.Release|Any CPU.ActiveCfg = Release|Any CPU
		{C2C654B7-2B53-4ABB-9D94-3DDAE18E8C93}.Release|Any CPU.Build.0 = Release|Any CPU
		{C2C654B7-2B53-4ABB-9D94-3DDAE18E8C93}.Release600|Any CPU.ActiveCfg = Release|Any CPU
		{C2C654B7-2B53-4ABB-9D94-3DDAE18E8C93}.Release600|Any CPU.Build.0 = Release|Any CPU
		{F991C39B-3795-4F6D-97AD-4B682F6D46EF}.Debug|Any CPU.ActiveCfg = Debug|Any CPU
		{F991C39B-3795-4F6D-97AD-4B682F6D46EF}.Debug|Any CPU.Build.0 = Debug|Any CPU
		{F991C39B-3795-4F6D-97AD-4B682F6D46EF}.Debug600|Any CPU.ActiveCfg = Debug|Any CPU
		{F991C39B-3795-4F6D-97AD-4B682F6D46EF}.Debug600|Any CPU.Build.0 = Debug|Any CPU
		{F991C39B-3795-4F6D-97AD-4B682F6D46EF}.Release|Any CPU.ActiveCfg = Release|Any CPU
		{F991C39B-3795-4F6D-97AD-4B682F6D46EF}.Release|Any CPU.Build.0 = Release|Any CPU
		{F991C39B-3795-4F6D-97AD-4B682F6D46EF}.Release600|Any CPU.ActiveCfg = Release|Any CPU
		{F991C39B-3795-4F6D-97AD-4B682F6D46EF}.Release600|Any CPU.Build.0 = Release|Any CPU
		{2DA55F04-5BD2-49B0-AEBB-F74ADB969BB8}.Debug|Any CPU.ActiveCfg = Debug|Any CPU
		{2DA55F04-5BD2-49B0-AEBB-F74ADB969BB8}.Debug|Any CPU.Build.0 = Debug|Any CPU
		{2DA55F04-5BD2-49B0-AEBB-F74ADB969BB8}.Debug600|Any CPU.ActiveCfg = Debug|Any CPU
		{2DA55F04-5BD2-49B0-AEBB-F74ADB969BB8}.Debug600|Any CPU.Build.0 = Debug|Any CPU
		{2DA55F04-5BD2-49B0-AEBB-F74ADB969BB8}.Release|Any CPU.ActiveCfg = Release|Any CPU
		{2DA55F04-5BD2-49B0-AEBB-F74ADB969BB8}.Release|Any CPU.Build.0 = Release|Any CPU
		{2DA55F04-5BD2-49B0-AEBB-F74ADB969BB8}.Release600|Any CPU.ActiveCfg = Release|Any CPU
		{2DA55F04-5BD2-49B0-AEBB-F74ADB969BB8}.Release600|Any CPU.Build.0 = Release|Any CPU
		{8C3BEABA-E375-4E57-8F76-1D751F88E7AE}.Debug|Any CPU.ActiveCfg = Debug|Any CPU
		{8C3BEABA-E375-4E57-8F76-1D751F88E7AE}.Debug|Any CPU.Build.0 = Debug|Any CPU
		{8C3BEABA-E375-4E57-8F76-1D751F88E7AE}.Debug600|Any CPU.ActiveCfg = Debug|Any CPU
		{8C3BEABA-E375-4E57-8F76-1D751F88E7AE}.Debug600|Any CPU.Build.0 = Debug|Any CPU
		{8C3BEABA-E375-4E57-8F76-1D751F88E7AE}.Release|Any CPU.ActiveCfg = Release|Any CPU
		{8C3BEABA-E375-4E57-8F76-1D751F88E7AE}.Release|Any CPU.Build.0 = Release|Any CPU
		{8C3BEABA-E375-4E57-8F76-1D751F88E7AE}.Release600|Any CPU.ActiveCfg = Release|Any CPU
		{8C3BEABA-E375-4E57-8F76-1D751F88E7AE}.Release600|Any CPU.Build.0 = Release|Any CPU
		{4868B553-6311-4E64-9A57-3BFEF8AE4D29}.Debug|Any CPU.ActiveCfg = Debug|Any CPU
		{4868B553-6311-4E64-9A57-3BFEF8AE4D29}.Debug|Any CPU.Build.0 = Debug|Any CPU
		{4868B553-6311-4E64-9A57-3BFEF8AE4D29}.Debug600|Any CPU.ActiveCfg = Debug|Any CPU
		{4868B553-6311-4E64-9A57-3BFEF8AE4D29}.Debug600|Any CPU.Build.0 = Debug|Any CPU
		{4868B553-6311-4E64-9A57-3BFEF8AE4D29}.Release|Any CPU.ActiveCfg = Release|Any CPU
		{4868B553-6311-4E64-9A57-3BFEF8AE4D29}.Release|Any CPU.Build.0 = Release|Any CPU
		{4868B553-6311-4E64-9A57-3BFEF8AE4D29}.Release600|Any CPU.ActiveCfg = Release|Any CPU
		{4868B553-6311-4E64-9A57-3BFEF8AE4D29}.Release600|Any CPU.Build.0 = Release|Any CPU
		{FA207D33-1A81-4B70-9A0A-81E59AC18AA3}.Debug|Any CPU.ActiveCfg = Debug|Any CPU
		{FA207D33-1A81-4B70-9A0A-81E59AC18AA3}.Debug|Any CPU.Build.0 = Debug|Any CPU
		{FA207D33-1A81-4B70-9A0A-81E59AC18AA3}.Debug600|Any CPU.ActiveCfg = Debug|Any CPU
		{FA207D33-1A81-4B70-9A0A-81E59AC18AA3}.Debug600|Any CPU.Build.0 = Debug|Any CPU
		{FA207D33-1A81-4B70-9A0A-81E59AC18AA3}.Release|Any CPU.ActiveCfg = Release|Any CPU
		{FA207D33-1A81-4B70-9A0A-81E59AC18AA3}.Release|Any CPU.Build.0 = Release|Any CPU
		{FA207D33-1A81-4B70-9A0A-81E59AC18AA3}.Release600|Any CPU.ActiveCfg = Release|Any CPU
		{FA207D33-1A81-4B70-9A0A-81E59AC18AA3}.Release600|Any CPU.Build.0 = Release|Any CPU
		{4C14147D-2FD3-4451-9D5A-E4B6A90980FE}.Debug|Any CPU.ActiveCfg = Debug|Any CPU
		{4C14147D-2FD3-4451-9D5A-E4B6A90980FE}.Debug|Any CPU.Build.0 = Debug|Any CPU
		{4C14147D-2FD3-4451-9D5A-E4B6A90980FE}.Debug600|Any CPU.ActiveCfg = Debug|Any CPU
		{4C14147D-2FD3-4451-9D5A-E4B6A90980FE}.Debug600|Any CPU.Build.0 = Debug|Any CPU
		{4C14147D-2FD3-4451-9D5A-E4B6A90980FE}.Release|Any CPU.ActiveCfg = Release|Any CPU
		{4C14147D-2FD3-4451-9D5A-E4B6A90980FE}.Release|Any CPU.Build.0 = Release|Any CPU
		{4C14147D-2FD3-4451-9D5A-E4B6A90980FE}.Release600|Any CPU.ActiveCfg = Release|Any CPU
		{4C14147D-2FD3-4451-9D5A-E4B6A90980FE}.Release600|Any CPU.Build.0 = Release|Any CPU
		{6874FABD-BFE8-4B47-BD91-0200417E6299}.Debug|Any CPU.ActiveCfg = Debug|Any CPU
		{6874FABD-BFE8-4B47-BD91-0200417E6299}.Debug|Any CPU.Build.0 = Debug|Any CPU
		{6874FABD-BFE8-4B47-BD91-0200417E6299}.Debug600|Any CPU.ActiveCfg = Debug|Any CPU
		{6874FABD-BFE8-4B47-BD91-0200417E6299}.Debug600|Any CPU.Build.0 = Debug|Any CPU
		{6874FABD-BFE8-4B47-BD91-0200417E6299}.Release|Any CPU.ActiveCfg = Release|Any CPU
		{6874FABD-BFE8-4B47-BD91-0200417E6299}.Release|Any CPU.Build.0 = Release|Any CPU
		{6874FABD-BFE8-4B47-BD91-0200417E6299}.Release600|Any CPU.ActiveCfg = Release|Any CPU
		{6874FABD-BFE8-4B47-BD91-0200417E6299}.Release600|Any CPU.Build.0 = Release|Any CPU
		{E1352964-A0DD-47DB-BA06-3EFC16D80BCD}.Debug|Any CPU.ActiveCfg = Debug|Any CPU
		{E1352964-A0DD-47DB-BA06-3EFC16D80BCD}.Debug|Any CPU.Build.0 = Debug|Any CPU
		{E1352964-A0DD-47DB-BA06-3EFC16D80BCD}.Debug600|Any CPU.ActiveCfg = Debug|Any CPU
		{E1352964-A0DD-47DB-BA06-3EFC16D80BCD}.Debug600|Any CPU.Build.0 = Debug|Any CPU
		{E1352964-A0DD-47DB-BA06-3EFC16D80BCD}.Release|Any CPU.ActiveCfg = Release|Any CPU
		{E1352964-A0DD-47DB-BA06-3EFC16D80BCD}.Release|Any CPU.Build.0 = Release|Any CPU
		{E1352964-A0DD-47DB-BA06-3EFC16D80BCD}.Release600|Any CPU.ActiveCfg = Release|Any CPU
		{E1352964-A0DD-47DB-BA06-3EFC16D80BCD}.Release600|Any CPU.Build.0 = Release|Any CPU
		{4C1BD020-AF8A-4945-AA7B-E152AAC8A638}.Debug|Any CPU.ActiveCfg = Debug|Any CPU
		{4C1BD020-AF8A-4945-AA7B-E152AAC8A638}.Debug|Any CPU.Build.0 = Debug|Any CPU
		{4C1BD020-AF8A-4945-AA7B-E152AAC8A638}.Debug600|Any CPU.ActiveCfg = Debug|Any CPU
		{4C1BD020-AF8A-4945-AA7B-E152AAC8A638}.Debug600|Any CPU.Build.0 = Debug|Any CPU
		{4C1BD020-AF8A-4945-AA7B-E152AAC8A638}.Release|Any CPU.ActiveCfg = Release|Any CPU
		{4C1BD020-AF8A-4945-AA7B-E152AAC8A638}.Release|Any CPU.Build.0 = Release|Any CPU
		{4C1BD020-AF8A-4945-AA7B-E152AAC8A638}.Release600|Any CPU.ActiveCfg = Release|Any CPU
		{4C1BD020-AF8A-4945-AA7B-E152AAC8A638}.Release600|Any CPU.Build.0 = Release|Any CPU
		{1BE6A36E-A3A4-464D-B662-B4EDA5C1110F}.Debug|Any CPU.ActiveCfg = Debug|Any CPU
		{1BE6A36E-A3A4-464D-B662-B4EDA5C1110F}.Debug|Any CPU.Build.0 = Debug|Any CPU
		{1BE6A36E-A3A4-464D-B662-B4EDA5C1110F}.Debug600|Any CPU.ActiveCfg = Debug|Any CPU
		{1BE6A36E-A3A4-464D-B662-B4EDA5C1110F}.Debug600|Any CPU.Build.0 = Debug|Any CPU
		{1BE6A36E-A3A4-464D-B662-B4EDA5C1110F}.Release|Any CPU.ActiveCfg = Release|Any CPU
		{1BE6A36E-A3A4-464D-B662-B4EDA5C1110F}.Release|Any CPU.Build.0 = Release|Any CPU
		{1BE6A36E-A3A4-464D-B662-B4EDA5C1110F}.Release600|Any CPU.ActiveCfg = Release|Any CPU
		{1BE6A36E-A3A4-464D-B662-B4EDA5C1110F}.Release600|Any CPU.Build.0 = Release|Any CPU
		{3727C7B2-F8DC-0EB2-C494-720BBC657CB1}.Debug|Any CPU.ActiveCfg = Debug|Any CPU
		{3727C7B2-F8DC-0EB2-C494-720BBC657CB1}.Debug|Any CPU.Build.0 = Debug|Any CPU
		{3727C7B2-F8DC-0EB2-C494-720BBC657CB1}.Debug600|Any CPU.ActiveCfg = Debug|Any CPU
		{3727C7B2-F8DC-0EB2-C494-720BBC657CB1}.Debug600|Any CPU.Build.0 = Debug|Any CPU
		{3727C7B2-F8DC-0EB2-C494-720BBC657CB1}.Release|Any CPU.ActiveCfg = Release|Any CPU
		{3727C7B2-F8DC-0EB2-C494-720BBC657CB1}.Release|Any CPU.Build.0 = Release|Any CPU
		{3727C7B2-F8DC-0EB2-C494-720BBC657CB1}.Release600|Any CPU.ActiveCfg = Release|Any CPU
		{3727C7B2-F8DC-0EB2-C494-720BBC657CB1}.Release600|Any CPU.Build.0 = Release|Any CPU
		{0A228F85-F13B-8ADC-AA07-2E7B12E6F8B1}.Debug|Any CPU.ActiveCfg = Debug|Any CPU
		{0A228F85-F13B-8ADC-AA07-2E7B12E6F8B1}.Debug|Any CPU.Build.0 = Debug|Any CPU
		{0A228F85-F13B-8ADC-AA07-2E7B12E6F8B1}.Debug600|Any CPU.ActiveCfg = Debug|Any CPU
		{0A228F85-F13B-8ADC-AA07-2E7B12E6F8B1}.Debug600|Any CPU.Build.0 = Debug|Any CPU
		{0A228F85-F13B-8ADC-AA07-2E7B12E6F8B1}.Release|Any CPU.ActiveCfg = Release|Any CPU
		{0A228F85-F13B-8ADC-AA07-2E7B12E6F8B1}.Release|Any CPU.Build.0 = Release|Any CPU
		{0A228F85-F13B-8ADC-AA07-2E7B12E6F8B1}.Release600|Any CPU.ActiveCfg = Release|Any CPU
		{0A228F85-F13B-8ADC-AA07-2E7B12E6F8B1}.Release600|Any CPU.Build.0 = Release|Any CPU
		{1B2ECFC7-7698-F85E-C87C-B35193A655F1}.Debug|Any CPU.ActiveCfg = Debug|Any CPU
		{1B2ECFC7-7698-F85E-C87C-B35193A655F1}.Debug|Any CPU.Build.0 = Debug|Any CPU
		{1B2ECFC7-7698-F85E-C87C-B35193A655F1}.Debug600|Any CPU.ActiveCfg = Debug|Any CPU
		{1B2ECFC7-7698-F85E-C87C-B35193A655F1}.Debug600|Any CPU.Build.0 = Debug|Any CPU
		{1B2ECFC7-7698-F85E-C87C-B35193A655F1}.Release|Any CPU.ActiveCfg = Release|Any CPU
		{1B2ECFC7-7698-F85E-C87C-B35193A655F1}.Release|Any CPU.Build.0 = Release|Any CPU
		{1B2ECFC7-7698-F85E-C87C-B35193A655F1}.Release600|Any CPU.ActiveCfg = Release|Any CPU
		{1B2ECFC7-7698-F85E-C87C-B35193A655F1}.Release600|Any CPU.Build.0 = Release|Any CPU
		{046E4D5D-A4C7-4BB1-8175-FF00D4B7EB5E}.Debug|Any CPU.ActiveCfg = Debug|Any CPU
		{046E4D5D-A4C7-4BB1-8175-FF00D4B7EB5E}.Debug|Any CPU.Build.0 = Debug|Any CPU
		{046E4D5D-A4C7-4BB1-8175-FF00D4B7EB5E}.Debug600|Any CPU.ActiveCfg = Debug|Any CPU
		{046E4D5D-A4C7-4BB1-8175-FF00D4B7EB5E}.Debug600|Any CPU.Build.0 = Debug|Any CPU
		{046E4D5D-A4C7-4BB1-8175-FF00D4B7EB5E}.Release|Any CPU.ActiveCfg = Release|Any CPU
		{046E4D5D-A4C7-4BB1-8175-FF00D4B7EB5E}.Release|Any CPU.Build.0 = Release|Any CPU
		{046E4D5D-A4C7-4BB1-8175-FF00D4B7EB5E}.Release600|Any CPU.ActiveCfg = Release|Any CPU
		{046E4D5D-A4C7-4BB1-8175-FF00D4B7EB5E}.Release600|Any CPU.Build.0 = Release|Any CPU
		{8618A8BC-2027-496B-B7E3-0EC620BAE610}.Debug|Any CPU.ActiveCfg = Debug|Any CPU
		{8618A8BC-2027-496B-B7E3-0EC620BAE610}.Debug|Any CPU.Build.0 = Debug|Any CPU
		{8618A8BC-2027-496B-B7E3-0EC620BAE610}.Debug600|Any CPU.ActiveCfg = Debug|Any CPU
		{8618A8BC-2027-496B-B7E3-0EC620BAE610}.Debug600|Any CPU.Build.0 = Debug|Any CPU
		{8618A8BC-2027-496B-B7E3-0EC620BAE610}.Release|Any CPU.ActiveCfg = Release|Any CPU
		{8618A8BC-2027-496B-B7E3-0EC620BAE610}.Release|Any CPU.Build.0 = Release|Any CPU
		{8618A8BC-2027-496B-B7E3-0EC620BAE610}.Release600|Any CPU.ActiveCfg = Release|Any CPU
		{8618A8BC-2027-496B-B7E3-0EC620BAE610}.Release600|Any CPU.Build.0 = Release|Any CPU
		{7C87AE04-7DB5-407B-A32F-72F6D9CFE8FC}.Debug|Any CPU.ActiveCfg = Debug|Any CPU
		{7C87AE04-7DB5-407B-A32F-72F6D9CFE8FC}.Debug|Any CPU.Build.0 = Debug|Any CPU
		{7C87AE04-7DB5-407B-A32F-72F6D9CFE8FC}.Debug600|Any CPU.ActiveCfg = Debug|Any CPU
		{7C87AE04-7DB5-407B-A32F-72F6D9CFE8FC}.Debug600|Any CPU.Build.0 = Debug|Any CPU
		{7C87AE04-7DB5-407B-A32F-72F6D9CFE8FC}.Release|Any CPU.ActiveCfg = Release|Any CPU
		{7C87AE04-7DB5-407B-A32F-72F6D9CFE8FC}.Release|Any CPU.Build.0 = Release|Any CPU
		{7C87AE04-7DB5-407B-A32F-72F6D9CFE8FC}.Release600|Any CPU.ActiveCfg = Release|Any CPU
		{7C87AE04-7DB5-407B-A32F-72F6D9CFE8FC}.Release600|Any CPU.Build.0 = Release|Any CPU
		{97790F93-D952-45DB-BF3F-268996078780}.Debug|Any CPU.ActiveCfg = Debug|Any CPU
		{97790F93-D952-45DB-BF3F-268996078780}.Debug|Any CPU.Build.0 = Debug|Any CPU
		{97790F93-D952-45DB-BF3F-268996078780}.Debug600|Any CPU.ActiveCfg = Debug|Any CPU
		{97790F93-D952-45DB-BF3F-268996078780}.Debug600|Any CPU.Build.0 = Debug|Any CPU
		{97790F93-D952-45DB-BF3F-268996078780}.Release|Any CPU.ActiveCfg = Release|Any CPU
		{97790F93-D952-45DB-BF3F-268996078780}.Release|Any CPU.Build.0 = Release|Any CPU
		{97790F93-D952-45DB-BF3F-268996078780}.Release600|Any CPU.ActiveCfg = Release|Any CPU
		{97790F93-D952-45DB-BF3F-268996078780}.Release600|Any CPU.Build.0 = Release|Any CPU
		{1733F4EA-CBB2-4171-84C0-22C64E08BE6C}.Debug|Any CPU.ActiveCfg = Debug|Any CPU
		{1733F4EA-CBB2-4171-84C0-22C64E08BE6C}.Debug|Any CPU.Build.0 = Debug|Any CPU
		{1733F4EA-CBB2-4171-84C0-22C64E08BE6C}.Debug600|Any CPU.ActiveCfg = Debug|Any CPU
		{1733F4EA-CBB2-4171-84C0-22C64E08BE6C}.Debug600|Any CPU.Build.0 = Debug|Any CPU
		{1733F4EA-CBB2-4171-84C0-22C64E08BE6C}.Release|Any CPU.ActiveCfg = Release|Any CPU
		{1733F4EA-CBB2-4171-84C0-22C64E08BE6C}.Release|Any CPU.Build.0 = Release|Any CPU
		{1733F4EA-CBB2-4171-84C0-22C64E08BE6C}.Release600|Any CPU.ActiveCfg = Release|Any CPU
		{1733F4EA-CBB2-4171-84C0-22C64E08BE6C}.Release600|Any CPU.Build.0 = Release|Any CPU
	EndGlobalSection
	GlobalSection(SolutionProperties) = preSolution
		HideSolutionNode = FALSE
	EndGlobalSection
	GlobalSection(ExtensibilityGlobals) = postSolution
		SolutionGuid = {5964DCB5-DC75-447C-A382-D16854128D45}
	EndGlobalSection
EndGlobal
